
Microsoft Visual Studio Solution File, Format Version 12.00
# Visual Studio Version 16
VisualStudioVersion = 16.0.30907.101
MinimumVisualStudioVersion = 10.0.40219.1
Project("{9A19103F-16F7-4668-BE54-9A1E7A4F7556}") = "CitasSystem.Data", "CitasSystem.Data\CitasSystem.Data.csproj", "{32744017-806F-433A-82B7-1FBE41B196B9}"
EndProject
Project("{9A19103F-16F7-4668-BE54-9A1E7A4F7556}") = "CitasSystem.Models", "CitasSystem.Models\CitasSystem.Models.csproj", "{F972E8F3-5D52-415D-9AEF-865B1D0FD375}"
EndProject
Project("{9A19103F-16F7-4668-BE54-9A1E7A4F7556}") = "CitasSystem.Web", "CitasSystem.Web\CitasSystem.Web.csproj", "{1BD90243-36CD-4EF8-AD53-B77250F331E2}"
EndProject
Global
	GlobalSection(SolutionConfigurationPlatforms) = preSolution
		Debug|Any CPU = Debug|Any CPU
		Release|Any CPU = Release|Any CPU
	EndGlobalSection
	GlobalSection(ProjectConfigurationPlatforms) = postSolution
		{32744017-806F-433A-82B7-1FBE41B196B9}.Debug|Any CPU.ActiveCfg = Debug|Any CPU
		{32744017-806F-433A-82B7-1FBE41B196B9}.Debug|Any CPU.Build.0 = Debug|Any CPU
		{32744017-806F-433A-82B7-1FBE41B196B9}.Release|Any CPU.ActiveCfg = Release|Any CPU
		{32744017-806F-433A-82B7-1FBE41B196B9}.Release|Any CPU.Build.0 = Release|Any CPU
		{F972E8F3-5D52-415D-9AEF-865B1D0FD375}.Debug|Any CPU.ActiveCfg = Debug|Any CPU
		{F972E8F3-5D52-415D-9AEF-865B1D0FD375}.Debug|Any CPU.Build.0 = Debug|Any CPU
		{F972E8F3-5D52-415D-9AEF-865B1D0FD375}.Release|Any CPU.ActiveCfg = Release|Any CPU
		{F972E8F3-5D52-415D-9AEF-865B1D0FD375}.Release|Any CPU.Build.0 = Release|Any CPU
		{1BD90243-36CD-4EF8-AD53-B77250F331E2}.Debug|Any CPU.ActiveCfg = Debug|Any CPU
		{1BD90243-36CD-4EF8-AD53-B77250F331E2}.Debug|Any CPU.Build.0 = Debug|Any CPU
		{1BD90243-36CD-4EF8-AD53-B77250F331E2}.Release|Any CPU.ActiveCfg = Release|Any CPU
		{1BD90243-36CD-4EF8-AD53-B77250F331E2}.Release|Any CPU.Build.0 = Release|Any CPU
	EndGlobalSection
	GlobalSection(SolutionProperties) = preSolution
		HideSolutionNode = FALSE
	EndGlobalSection
	GlobalSection(ExtensibilityGlobals) = postSolution
		SolutionGuid = {8338AE8B-1213-4576-81B7-DDFBA34275C9}
	EndGlobalSection
EndGlobal
